
Microsoft Visual Studio Solution File, Format Version 12.00
# Visual Studio 15
VisualStudioVersion = 15.0.28307.1622
MinimumVisualStudioVersion = 10.0.40219.1
Project("{8BC9CEB8-8B4A-11D0-8D11-00A0C91BC942}") = "备用", "备用\备用.vcxproj", "{05697263-CF52-4840-9D63-0BAB3D7EBC65}"
EndProject
Global
	GlobalSection(SolutionConfigurationPlatforms) = preSolution
		Debug|x64 = Debug|x64
		Debug|x86 = Debug|x86
		Release|x64 = Release|x64
		Release|x86 = Release|x86
	EndGlobalSection
	GlobalSection(ProjectConfigurationPlatforms) = postSolution
		{05697263-CF52-4840-9D63-0BAB3D7EBC65}.Debug|x64.ActiveCfg = Debug|x64
		{05697263-CF52-4840-9D63-0BAB3D7EBC65}.Debug|x64.Build.0 = Debug|x64
		{05697263-CF52-4840-9D63-0BAB3D7EBC65}.Debug|x86.ActiveCfg = Debug|Win32
		{05697263-CF52-4840-9D63-0BAB3D7EBC65}.Debug|x86.Build.0 = Debug|Win32
		{05697263-CF52-4840-9D63-0BAB3D7EBC65}.Release|x64.ActiveCfg = Release|x64
		{05697263-CF52-4840-9D63-0BAB3D7EBC65}.Release|x64.Build.0 = Release|x64
		{05697263-CF52-4840-9D63-0BAB3D7EBC65}.Release|x86.ActiveCfg = Release|Win32
		{05697263-CF52-4840-9D63-0BAB3D7EBC65}.Release|x86.Build.0 = Release|Win32
	EndGlobalSection
	GlobalSection(SolutionProperties) = preSolution
		HideSolutionNode = FALSE
	EndGlobalSection
	GlobalSection(ExtensibilityGlobals) = postSolution
		SolutionGuid = {A5247849-9199-40EF-A318-1A9CAB8E111C}
	EndGlobalSection
EndGlobal
