
Microsoft Visual Studio Solution File, Format Version 12.00
# Visual Studio 15
VisualStudioVersion = 15.0.28307.1622
MinimumVisualStudioVersion = 10.0.40219.1
Project("{8BC9CEB8-8B4A-11D0-8D11-00A0C91BC942}") = "tt", "tt\tt.vcxproj", "{32069821-E8F0-41B4-AAD0-ADD9CD01B000}"
EndProject
Global
	GlobalSection(SolutionConfigurationPlatforms) = preSolution
		Debug|x64 = Debug|x64
		Debug|x86 = Debug|x86
		Release|x64 = Release|x64
		Release|x86 = Release|x86
	EndGlobalSection
	GlobalSection(ProjectConfigurationPlatforms) = postSolution
		{32069821-E8F0-41B4-AAD0-ADD9CD01B000}.Debug|x64.ActiveCfg = Debug|x64
		{32069821-E8F0-41B4-AAD0-ADD9CD01B000}.Debug|x64.Build.0 = Debug|x64
		{32069821-E8F0-41B4-AAD0-ADD9CD01B000}.Debug|x86.ActiveCfg = Debug|Win32
		{32069821-E8F0-41B4-AAD0-ADD9CD01B000}.Debug|x86.Build.0 = Debug|Win32
		{32069821-E8F0-41B4-AAD0-ADD9CD01B000}.Release|x64.ActiveCfg = Release|x64
		{32069821-E8F0-41B4-AAD0-ADD9CD01B000}.Release|x64.Build.0 = Release|x64
		{32069821-E8F0-41B4-AAD0-ADD9CD01B000}.Release|x86.ActiveCfg = Release|Win32
		{32069821-E8F0-41B4-AAD0-ADD9CD01B000}.Release|x86.Build.0 = Release|Win32
	EndGlobalSection
	GlobalSection(SolutionProperties) = preSolution
		HideSolutionNode = FALSE
	EndGlobalSection
	GlobalSection(ExtensibilityGlobals) = postSolution
		SolutionGuid = {86B70651-23BF-402A-8F57-6638E1C3027E}
	EndGlobalSection
EndGlobal
